{
    "_readme": [
        "This file locks the dependencies of your project to a known state",
        "Read more about it at https://getcomposer.org/doc/01-basic-usage.md#installing-dependencies",
        "This file is @generated automatically"
    ],
    "content-hash": "b6ee6596d6a4605c5d70615f230b3d5c",
    "packages": [
        {
            "name": "composer/installers",
            "version": "v2.2.0",
            "source": {
                "type": "git",
                "url": "https://github.com/composer/installers.git",
                "reference": "c29dc4b93137acb82734f672c37e029dfbd95b35"
            },
            "dist": {
                "type": "zip",
                "url": "https://api.github.com/repos/composer/installers/zipball/c29dc4b93137acb82734f672c37e029dfbd95b35",
                "reference": "c29dc4b93137acb82734f672c37e029dfbd95b35",
                "shasum": ""
            },
            "require": {
                "composer-plugin-api": "^1.0 || ^2.0",
                "php": "^7.2 || ^8.0"
            },
            "require-dev": {
                "composer/composer": "1.6.* || ^2.0",
                "composer/semver": "^1 || ^3",
                "phpstan/phpstan": "^0.12.55",
                "phpstan/phpstan-phpunit": "^0.12.16",
                "symfony/phpunit-bridge": "^5.3",
                "symfony/process": "^5"
            },
            "type": "composer-plugin",
            "extra": {
                "class": "Composer\\Installers\\Plugin",
                "branch-alias": {
                    "dev-main": "2.x-dev"
                },
                "plugin-modifies-install-path": true
            },
            "autoload": {
                "psr-4": {
                    "Composer\\Installers\\": "src/Composer/Installers"
                }
            },
            "notification-url": "https://packagist.org/downloads/",
            "license": [
                "MIT"
            ],
            "authors": [
                {
                    "name": "Kyle Robinson Young",
                    "email": "kyle@dontkry.com",
                    "homepage": "https://github.com/shama"
                }
            ],
            "description": "A multi-framework Composer library installer",
            "homepage": "https://composer.github.io/installers/",
            "keywords": [
                "Dolibarr",
                "Eliasis",
                "Hurad",
                "ImageCMS",
                "Kanboard",
                "Lan Management System",
                "MODX Evo",
                "MantisBT",
                "Mautic",
                "Maya",
                "OXID",
                "Plentymarkets",
                "Porto",
                "RadPHP",
                "SMF",
                "Starbug",
                "Thelia",
                "Whmcs",
                "WolfCMS",
                "agl",
                "annotatecms",
                "attogram",
                "bitrix",
                "cakephp",
                "chef",
                "cockpit",
                "codeigniter",
                "concrete5",
                "croogo",
                "dokuwiki",
                "drupal",
                "eZ Platform",
                "elgg",
                "expressionengine",
                "fuelphp",
                "grav",
                "installer",
                "itop",
                "known",
                "kohana",
                "laravel",
                "lavalite",
                "lithium",
                "magento",
                "majima",
                "mako",
                "matomo",
                "mediawiki",
                "miaoxing",
                "modulework",
                "modx",
                "moodle",
                "osclass",
                "pantheon",
                "phpbb",
                "piwik",
                "ppi",
                "processwire",
                "puppet",
                "pxcms",
                "reindex",
                "roundcube",
                "shopware",
                "silverstripe",
                "sydes",
                "sylius",
                "tastyigniter",
                "wordpress",
                "yawik",
                "zend",
                "zikula"
            ],
            "support": {
                "issues": "https://github.com/composer/installers/issues",
                "source": "https://github.com/composer/installers/tree/v2.2.0"
            },
            "funding": [
                {
                    "url": "https://packagist.com",
                    "type": "custom"
                },
                {
                    "url": "https://github.com/composer",
                    "type": "github"
                },
                {
                    "url": "https://tidelift.com/funding/github/packagist/composer/composer",
                    "type": "tidelift"
                }
            ],
            "time": "2022-08-20T06:45:11+00:00"
        },
        {
            "name": "koodimonni-language/pt_br",
            "version": "6.5.3",
            "dist": {
                "type": "zip",
                "url": "https://downloads.wordpress.org/translation/core/6.5.3/pt_BR.zip"
            },
            "require": {
                "koodimonni-plugin-language/akismet-pt_br": "*",
                "koodimonni-plugin-language/bbpress-pt_br": "*",
                "koodimonni-plugin-language/blogger-importer-pt_br": "*",
                "koodimonni-plugin-language/buddypress-pt_br": "*",
                "koodimonni-plugin-language/classic-editor-pt_br": "*",
                "koodimonni-plugin-language/classic-widgets-pt_br": "*",
                "koodimonni-plugin-language/debug-bar-pt_br": "*",
                "koodimonni-plugin-language/health-check-pt_br": "*",
                "koodimonni-plugin-language/hello-dolly-pt_br": "*",
                "koodimonni-plugin-language/livejournal-importer-pt_br": "*",
                "koodimonni-plugin-language/movabletype-importer-pt_br": "*",
                "koodimonni-plugin-language/opml-importer-pt_br": "*",
                "koodimonni-plugin-language/plugin-check-pt_br": "*",
                "koodimonni-plugin-language/press-this-pt_br": "*",
                "koodimonni-plugin-language/rss-importer-pt_br": "*",
                "koodimonni-plugin-language/stp-importer-pt_br": "*",
                "koodimonni-plugin-language/textpattern-importer-pt_br": "*",
                "koodimonni-plugin-language/tumblr-importer-pt_br": "*",
                "koodimonni-plugin-language/woocommerce-pt_br": "*",
                "koodimonni-plugin-language/wordpress-importer-pt_br": "*",
                "koodimonni-plugin-language/wp-autoupdates-pt_br": "*",
                "koodimonni-plugin-language/wp-front-end-editor-pt_br": "*",
                "koodimonni-plugin-language/wpcat2tag-importer-pt_br": "*",
                "koodimonni-theme-language/twentyeleven-pt_br": "*",
                "koodimonni-theme-language/twentyfifteen-pt_br": "*",
                "koodimonni-theme-language/twentyfourteen-pt_br": "*",
                "koodimonni-theme-language/twentynineteen-pt_br": "*",
                "koodimonni-theme-language/twentyseventeen-pt_br": "*",
                "koodimonni-theme-language/twentysixteen-pt_br": "*",
                "koodimonni-theme-language/twentyten-pt_br": "*",
                "koodimonni-theme-language/twentythirteen-pt_br": "*",
                "koodimonni-theme-language/twentytwelve-pt_br": "*",
                "koodimonni-theme-language/twentytwenty-pt_br": "*",
                "koodimonni-theme-language/twentytwentyone-pt_br": "*",
                "koodimonni-theme-language/twentytwentythree-pt_br": "*",
                "koodimonni/composer-dropin-installer": ">=0.2.3"
            },
            "type": "wordpress-language",
            "description": "Full WordPress translation (including themes and core plugins) for Portuguese (Brazil) - pt_br",
            "keywords": [
                "Full-Package",
                "Translation",
                "WordPress",
                "pt_br"
            ]
        },
        {
            "name": "koodimonni-plugin-language/akismet-pt_br",
            "version": "5.3.2",
            "dist": {
                "type": "zip",
                "url": "https://downloads.wordpress.org/translation/plugin/akismet/5.3.2/pt_BR.zip"
            },
            "require": {
                "koodimonni/composer-dropin-installer": ">=0.2.3"
            },
            "type": "wordpress-language",
            "description": "WordPress akismet translations for Portuguese (Brazil) - pt_br",
            "keywords": [
                "Translation",
                "WordPress",
                "akismet",
                "pt_br"
            ]
        },
        {
            "name": "koodimonni-plugin-language/bbpress-pt_br",
            "version": "2.6.9",
            "dist": {
                "type": "zip",
                "url": "https://downloads.wordpress.org/translation/plugin/bbpress/2.6.9/pt_BR.zip"
            },
            "require": {
                "koodimonni/composer-dropin-installer": ">=0.2.3"
            },
            "type": "wordpress-language",
            "description": "WordPress bbpress translations for Portuguese (Brazil) - pt_br",
            "keywords": [
                "Translation",
                "WordPress",
                "bbpress",
                "pt_br"
            ]
        },
        {
            "name": "koodimonni-plugin-language/blogger-importer-pt_br",
            "version": "0.9.2",
            "dist": {
                "type": "zip",
                "url": "https://downloads.wordpress.org/translation/plugin/blogger-importer/0.9.2/pt_BR.zip"
            },
            "require": {
                "koodimonni/composer-dropin-installer": ">=0.2.3"
            },
            "type": "wordpress-language",
            "description": "WordPress blogger-importer translations for Portuguese (Brazil) - pt_br",
            "keywords": [
                "Translation",
                "WordPress",
                "blogger-importer",
                "pt_br"
            ]
        },
        {
            "name": "koodimonni-plugin-language/buddypress-pt_br",
            "version": "9.2.0",
            "dist": {
                "type": "zip",
                "url": "https://downloads.wordpress.org/translation/plugin/buddypress/9.2.0/pt_BR.zip"
            },
            "require": {
                "koodimonni/composer-dropin-installer": ">=0.2.3"
            },
            "type": "wordpress-language",
            "description": "WordPress buddypress translations for Portuguese (Brazil) - pt_br",
            "keywords": [
                "Translation",
                "WordPress",
                "buddypress",
                "pt_br"
            ]
        },
        {
            "name": "koodimonni-plugin-language/classic-editor-pt_br",
            "version": "1.6.3",
            "dist": {
                "type": "zip",
                "url": "https://downloads.wordpress.org/translation/plugin/classic-editor/1.6.3/pt_BR.zip"
            },
            "require": {
                "koodimonni/composer-dropin-installer": ">=0.2.3"
            },
            "type": "wordpress-language",
            "description": "WordPress classic-editor translations for Portuguese (Brazil) - pt_br",
            "keywords": [
                "Translation",
                "WordPress",
                "classic-editor",
                "pt_br"
            ]
        },
        {
            "name": "koodimonni-plugin-language/classic-widgets-pt_br",
            "version": "0.3",
            "dist": {
                "type": "zip",
                "url": "https://downloads.wordpress.org/translation/plugin/classic-widgets/0.3/pt_BR.zip"
            },
            "require": {
                "koodimonni/composer-dropin-installer": ">=0.2.3"
            },
            "type": "wordpress-language",
            "description": "WordPress classic-widgets translations for Portuguese (Brazil) - pt_br",
            "keywords": [
                "Translation",
                "WordPress",
                "classic-widgets",
                "pt_br"
            ]
        },
        {
            "name": "koodimonni-plugin-language/debug-bar-pt_br",
            "version": "1.1.6",
            "dist": {
                "type": "zip",
                "url": "https://downloads.wordpress.org/translation/plugin/debug-bar/1.1.6/pt_BR.zip"
            },
            "require": {
                "koodimonni/composer-dropin-installer": ">=0.2.3"
            },
            "type": "wordpress-language",
            "description": "WordPress debug-bar translations for Portuguese (Brazil) - pt_br",
            "keywords": [
                "Translation",
                "WordPress",
                "debug-bar",
                "pt_br"
            ]
        },
        {
            "name": "koodimonni-plugin-language/health-check-pt_br",
            "version": "1.7.0",
            "dist": {
                "type": "zip",
                "url": "https://downloads.wordpress.org/translation/plugin/health-check/1.7.0/pt_BR.zip"
            },
            "require": {
                "koodimonni/composer-dropin-installer": ">=0.2.3"
            },
            "type": "wordpress-language",
            "description": "WordPress health-check translations for Portuguese (Brazil) - pt_br",
            "keywords": [
                "Translation",
                "WordPress",
                "health-check",
                "pt_br"
            ]
        },
        {
            "name": "koodimonni-plugin-language/hello-dolly-pt_br",
            "version": "1.7.2",
            "dist": {
                "type": "zip",
                "url": "https://downloads.wordpress.org/translation/plugin/hello-dolly/1.7.2/pt_BR.zip"
            },
            "require": {
                "koodimonni/composer-dropin-installer": ">=0.2.3"
            },
            "type": "wordpress-language",
            "description": "WordPress hello-dolly translations for Portuguese (Brazil) - pt_br",
            "keywords": [
                "Translation",
                "WordPress",
                "hello-dolly",
                "pt_br"
            ]
        },
        {
            "name": "koodimonni-plugin-language/livejournal-importer-pt_br",
            "version": "0.5",
            "dist": {
                "type": "zip",
                "url": "https://downloads.wordpress.org/translation/plugin/livejournal-importer/0.5/pt_BR.zip"
            },
            "require": {
                "koodimonni/composer-dropin-installer": ">=0.2.3"
            },
            "type": "wordpress-language",
            "description": "WordPress livejournal-importer translations for Portuguese (Brazil) - pt_br",
            "keywords": [
                "Translation",
                "WordPress",
                "livejournal-importer",
                "pt_br"
            ]
        },
        {
            "name": "koodimonni-plugin-language/movabletype-importer-pt_br",
            "version": "0.6.1",
            "dist": {
                "type": "zip",
                "url": "https://downloads.wordpress.org/translation/plugin/movabletype-importer/0.6.1/pt_BR.zip"
            },
            "require": {
                "koodimonni/composer-dropin-installer": ">=0.2.3"
            },
            "type": "wordpress-language",
            "description": "WordPress movabletype-importer translations for Portuguese (Brazil) - pt_br",
            "keywords": [
                "Translation",
                "WordPress",
                "movabletype-importer",
                "pt_br"
            ]
        },
        {
            "name": "koodimonni-plugin-language/opml-importer-pt_br",
            "version": "0.2",
            "dist": {
                "type": "zip",
                "url": "https://downloads.wordpress.org/translation/plugin/opml-importer/0.2/pt_BR.zip"
            },
            "require": {
                "koodimonni/composer-dropin-installer": ">=0.2.3"
            },
            "type": "wordpress-language",
            "description": "WordPress opml-importer translations for Portuguese (Brazil) - pt_br",
            "keywords": [
                "Translation",
                "WordPress",
                "opml-importer",
                "pt_br"
            ]
        },
        {
            "name": "koodimonni-plugin-language/plugin-check-pt_br",
            "version": "1.0.1",
            "dist": {
                "type": "zip",
                "url": "https://downloads.wordpress.org/translation/plugin/plugin-check/1.0.1/pt_BR.zip"
            },
            "require": {
                "koodimonni/composer-dropin-installer": ">=0.2.3"
            },
            "type": "wordpress-language",
            "description": "WordPress plugin-check translations for Portuguese (Brazil) - pt_br",
            "keywords": [
                "Translation",
                "WordPress",
                "plugin-check",
                "pt_br"
            ]
        },
        {
            "name": "koodimonni-plugin-language/press-this-pt_br",
            "version": "1.1.1",
            "dist": {
                "type": "zip",
                "url": "https://downloads.wordpress.org/translation/plugin/press-this/1.1.1/pt_BR.zip"
            },
            "require": {
                "koodimonni/composer-dropin-installer": ">=0.2.3"
            },
            "type": "wordpress-language",
            "description": "WordPress press-this translations for Portuguese (Brazil) - pt_br",
            "keywords": [
                "Translation",
                "WordPress",
                "press-this",
                "pt_br"
            ]
        },
        {
            "name": "koodimonni-plugin-language/rss-importer-pt_br",
            "version": "0.3.2",
            "dist": {
                "type": "zip",
                "url": "https://downloads.wordpress.org/translation/plugin/rss-importer/0.3.2/pt_BR.zip"
            },
            "require": {
                "koodimonni/composer-dropin-installer": ">=0.2.3"
            },
            "type": "wordpress-language",
            "description": "WordPress rss-importer translations for Portuguese (Brazil) - pt_br",
            "keywords": [
                "Translation",
                "WordPress",
                "pt_br",
                "rss-importer"
            ]
        },
        {
            "name": "koodimonni-plugin-language/stp-importer-pt_br",
            "version": "0.2",
            "dist": {
                "type": "zip",
                "url": "https://downloads.wordpress.org/translation/plugin/stp-importer/0.2/pt_BR.zip"
            },
            "require": {
                "koodimonni/composer-dropin-installer": ">=0.2.3"
            },
            "type": "wordpress-language",
            "description": "WordPress stp-importer translations for Portuguese (Brazil) - pt_br",
            "keywords": [
                "Translation",
                "WordPress",
                "pt_br",
                "stp-importer"
            ]
        },
        {
            "name": "koodimonni-plugin-language/textpattern-importer-pt_br",
            "version": "0.2",
            "dist": {
                "type": "zip",
                "url": "https://downloads.wordpress.org/translation/plugin/textpattern-importer/0.2/pt_BR.zip"
            },
            "require": {
                "koodimonni/composer-dropin-installer": ">=0.2.3"
            },
            "type": "wordpress-language",
            "description": "WordPress textpattern-importer translations for Portuguese (Brazil) - pt_br",
            "keywords": [
                "Translation",
                "WordPress",
                "pt_br",
                "textpattern-importer"
            ]
        },
        {
            "name": "koodimonni-plugin-language/tumblr-importer-pt_br",
            "version": "1.1",
            "dist": {
                "type": "zip",
                "url": "https://downloads.wordpress.org/translation/plugin/tumblr-importer/1.1/pt_BR.zip"
            },
            "require": {
                "koodimonni/composer-dropin-installer": ">=0.2.3"
            },
            "type": "wordpress-language",
            "description": "WordPress tumblr-importer translations for Portuguese (Brazil) - pt_br",
            "keywords": [
                "Translation",
                "WordPress",
                "pt_br",
                "tumblr-importer"
            ]
        },
        {
            "name": "koodimonni-plugin-language/woocommerce-pt_br",
            "version": "8.9.1",
            "dist": {
                "type": "zip",
                "url": "https://downloads.wordpress.org/translation/plugin/woocommerce/8.9.1/pt_BR.zip"
            },
            "require": {
                "koodimonni/composer-dropin-installer": ">=0.2.3"
            },
            "type": "wordpress-language",
            "description": "WordPress woocommerce translations for Portuguese (Brazil) - pt_br",
            "keywords": [
                "Translation",
                "WordPress",
                "pt_br",
                "woocommerce"
            ]
        },
        {
            "name": "koodimonni-plugin-language/wordpress-importer-pt_br",
            "version": "0.8.2",
            "dist": {
                "type": "zip",
                "url": "https://downloads.wordpress.org/translation/plugin/wordpress-importer/0.8.2/pt_BR.zip"
            },
            "require": {
                "koodimonni/composer-dropin-installer": ">=0.2.3"
            },
            "type": "wordpress-language",
            "description": "WordPress wordpress-importer translations for Portuguese (Brazil) - pt_br",
            "keywords": [
                "Translation",
                "WordPress",
                "pt_br",
                "wordpress-importer"
            ]
        },
        {
            "name": "koodimonni-plugin-language/wp-autoupdates-pt_br",
            "version": "0.8.1",
            "dist": {
                "type": "zip",
                "url": "https://downloads.wordpress.org/translation/plugin/wp-autoupdates/0.8.1/pt_BR.zip"
            },
            "require": {
                "koodimonni/composer-dropin-installer": ">=0.2.3"
            },
            "type": "wordpress-language",
            "description": "WordPress wp-autoupdates translations for Portuguese (Brazil) - pt_br",
            "keywords": [
                "Translation",
                "WordPress",
                "pt_br",
                "wp-autoupdates"
            ]
        },
        {
            "name": "koodimonni-plugin-language/wp-front-end-editor-pt_br",
            "version": "2.2.1",
            "dist": {
                "type": "zip",
                "url": "https://downloads.wordpress.org/translation/plugin/wp-front-end-editor/2.2.1/pt_BR.zip"
            },
            "require": {
                "koodimonni/composer-dropin-installer": ">=0.2.3"
            },
            "type": "wordpress-language",
            "description": "WordPress wp-front-end-editor translations for Portuguese (Brazil) - pt_br",
            "keywords": [
                "Translation",
                "WordPress",
                "pt_br",
                "wp-front-end-editor"
            ]
        },
        {
            "name": "koodimonni-plugin-language/wpcat2tag-importer-pt_br",
            "version": "0.6.1",
            "dist": {
                "type": "zip",
                "url": "https://downloads.wordpress.org/translation/plugin/wpcat2tag-importer/0.6.1/pt_BR.zip"
            },
            "require": {
                "koodimonni/composer-dropin-installer": ">=0.2.3"
            },
            "type": "wordpress-language",
            "description": "WordPress wpcat2tag-importer translations for Portuguese (Brazil) - pt_br",
            "keywords": [
                "Translation",
                "WordPress",
                "pt_br",
                "wpcat2tag-importer"
            ]
        },
        {
            "name": "koodimonni-theme-language/twentyeleven-pt_br",
            "version": "4.6",
            "dist": {
                "type": "zip",
                "url": "https://downloads.wordpress.org/translation/theme/twentyeleven/4.6/pt_BR.zip"
            },
            "require": {
                "koodimonni/composer-dropin-installer": ">=0.2.3"
            },
            "type": "wordpress-language",
            "description": "WordPress twentyeleven translations for Portuguese (Brazil) - pt_br",
            "keywords": [
                "Translation",
                "WordPress",
                "pt_br",
                "twentyeleven"
            ]
        },
        {
            "name": "koodimonni-theme-language/twentyfifteen-pt_br",
            "version": "3.7",
            "dist": {
                "type": "zip",
                "url": "https://downloads.wordpress.org/translation/theme/twentyfifteen/3.7/pt_BR.zip"
            },
            "require": {
                "koodimonni/composer-dropin-installer": ">=0.2.3"
            },
            "type": "wordpress-language",
            "description": "WordPress twentyfifteen translations for Portuguese (Brazil) - pt_br",
            "keywords": [
                "Translation",
                "WordPress",
                "pt_br",
                "twentyfifteen"
            ]
        },
        {
            "name": "koodimonni-theme-language/twentyfourteen-pt_br",
            "version": "3.9",
            "dist": {
                "type": "zip",
                "url": "https://downloads.wordpress.org/translation/theme/twentyfourteen/3.9/pt_BR.zip"
            },
            "require": {
                "koodimonni/composer-dropin-installer": ">=0.2.3"
            },
            "type": "wordpress-language",
            "description": "WordPress twentyfourteen translations for Portuguese (Brazil) - pt_br",
            "keywords": [
                "Translation",
                "WordPress",
                "pt_br",
                "twentyfourteen"
            ]
        },
        {
            "name": "koodimonni-theme-language/twentynineteen-pt_br",
            "version": "2.8",
            "dist": {
                "type": "zip",
                "url": "https://downloads.wordpress.org/translation/theme/twentynineteen/2.8/pt_BR.zip"
            },
            "require": {
                "koodimonni/composer-dropin-installer": ">=0.2.3"
            },
            "type": "wordpress-language",
            "description": "WordPress twentynineteen translations for Portuguese (Brazil) - pt_br",
            "keywords": [
                "Translation",
                "WordPress",
                "pt_br",
                "twentynineteen"
            ]
        },
        {
            "name": "koodimonni-theme-language/twentyseventeen-pt_br",
            "version": "3.6",
            "dist": {
                "type": "zip",
                "url": "https://downloads.wordpress.org/translation/theme/twentyseventeen/3.6/pt_BR.zip"
            },
            "require": {
                "koodimonni/composer-dropin-installer": ">=0.2.3"
            },
            "type": "wordpress-language",
            "description": "WordPress twentyseventeen translations for Portuguese (Brazil) - pt_br",
            "keywords": [
                "Translation",
                "WordPress",
                "pt_br",
                "twentyseventeen"
            ]
        },
        {
            "name": "koodimonni-theme-language/twentysixteen-pt_br",
            "version": "3.2",
            "dist": {
                "type": "zip",
                "url": "https://downloads.wordpress.org/translation/theme/twentysixteen/3.2/pt_BR.zip"
            },
            "require": {
                "koodimonni/composer-dropin-installer": ">=0.2.3"
            },
            "type": "wordpress-language",
            "description": "WordPress twentysixteen translations for Portuguese (Brazil) - pt_br",
            "keywords": [
                "Translation",
                "WordPress",
                "pt_br",
                "twentysixteen"
            ]
        },
        {
            "name": "koodimonni-theme-language/twentyten-pt_br",
            "version": "4.1",
            "dist": {
                "type": "zip",
                "url": "https://downloads.wordpress.org/translation/theme/twentyten/4.1/pt_BR.zip"
            },
            "require": {
                "koodimonni/composer-dropin-installer": ">=0.2.3"
            },
            "type": "wordpress-language",
            "description": "WordPress twentyten translations for Portuguese (Brazil) - pt_br",
            "keywords": [
                "Translation",
                "WordPress",
                "pt_br",
                "twentyten"
            ]
        },
        {
            "name": "koodimonni-theme-language/twentythirteen-pt_br",
            "version": "4.1",
            "dist": {
                "type": "zip",
                "url": "https://downloads.wordpress.org/translation/theme/twentythirteen/4.1/pt_BR.zip"
            },
            "require": {
                "koodimonni/composer-dropin-installer": ">=0.2.3"
            },
            "type": "wordpress-language",
            "description": "WordPress twentythirteen translations for Portuguese (Brazil) - pt_br",
            "keywords": [
                "Translation",
                "WordPress",
                "pt_br",
                "twentythirteen"
            ]
        },
        {
            "name": "koodimonni-theme-language/twentytwelve-pt_br",
            "version": "4.2",
            "dist": {
                "type": "zip",
                "url": "https://downloads.wordpress.org/translation/theme/twentytwelve/4.2/pt_BR.zip"
            },
            "require": {
                "koodimonni/composer-dropin-installer": ">=0.2.3"
            },
            "type": "wordpress-language",
            "description": "WordPress twentytwelve translations for Portuguese (Brazil) - pt_br",
            "keywords": [
                "Translation",
                "WordPress",
                "pt_br",
                "twentytwelve"
            ]
        },
        {
            "name": "koodimonni-theme-language/twentytwenty-pt_br",
            "version": "2.6",
            "dist": {
                "type": "zip",
                "url": "https://downloads.wordpress.org/translation/theme/twentytwenty/2.6/pt_BR.zip"
            },
            "require": {
                "koodimonni/composer-dropin-installer": ">=0.2.3"
            },
            "type": "wordpress-language",
            "description": "WordPress twentytwenty translations for Portuguese (Brazil) - pt_br",
            "keywords": [
                "Translation",
                "WordPress",
                "pt_br",
                "twentytwenty"
            ]
        },
        {
            "name": "koodimonni-theme-language/twentytwentyone-pt_br",
            "version": "1.0",
            "dist": {
                "type": "zip",
                "url": "https://downloads.wordpress.org/translation/theme/twentytwentyone/1.0/pt_BR.zip"
            },
            "require": {
                "koodimonni/composer-dropin-installer": ">=0.2.3"
            },
            "type": "wordpress-language",
            "description": "WordPress twentytwentyone translations for Portuguese (Brazil) - pt_br",
            "keywords": [
                "Translation",
                "WordPress",
                "pt_br",
                "twentytwentyone"
            ]
        },
        {
            "name": "koodimonni-theme-language/twentytwentythree-pt_br",
            "version": "1.4",
            "dist": {
                "type": "zip",
                "url": "https://downloads.wordpress.org/translation/theme/twentytwentythree/1.4/pt_BR.zip"
            },
            "require": {
                "koodimonni/composer-dropin-installer": ">=0.2.3"
            },
            "type": "wordpress-language",
            "description": "WordPress twentytwentythree translations for Portuguese (Brazil) - pt_br",
            "keywords": [
                "Translation",
                "WordPress",
                "pt_br",
                "twentytwentythree"
            ]
        },
        {
            "name": "koodimonni/composer-dropin-installer",
            "version": "1.4",
            "source": {
                "type": "git",
                "url": "https://github.com/Koodimonni/Composer-Dropin-Installer.git",
                "reference": "9596ef8f50cbba2cdc707ca3b1f5e4a0e9fa7e7e"
            },
            "dist": {
                "type": "zip",
                "url": "https://api.github.com/repos/Koodimonni/Composer-Dropin-Installer/zipball/9596ef8f50cbba2cdc707ca3b1f5e4a0e9fa7e7e",
                "reference": "9596ef8f50cbba2cdc707ca3b1f5e4a0e9fa7e7e",
                "shasum": ""
            },
            "require": {
                "composer-plugin-api": "^1.0 | ^2.0",
                "php": ">=5.3.2"
            },
            "require-dev": {
                "phpunit/phpunit": "^5.7"
            },
            "type": "composer-plugin",
            "extra": {
                "class": "Koodimonni\\Composer\\Dropin"
            },
            "autoload": {
                "psr-4": {
                    "Koodimonni\\Composer\\": "src/"
                }
            },
            "notification-url": "https://packagist.org/downloads/",
            "license": [
                "WTFPL"
            ],
            "authors": [
                {
                    "name": "Onni Hakala",
                    "email": "onni@keksi.io",
                    "role": "Developer"
                }
            ],
            "description": "Install packages or a few files from packages into custom paths without overwriting existing stuff.",
            "support": {
                "issues": "https://github.com/Koodimonni/Composer-Dropin-Installer/issues",
                "source": "https://github.com/Koodimonni/Composer-Dropin-Installer/tree/1.4"
            },
            "time": "2022-02-02T11:42:57+00:00"
        },
        {
            "name": "local/twentytwentyfour",
            "version": "1.1",
            "dist": {
                "type": "path",
                "url": "packages/themes/twentytwentyfour",
                "reference": "bb1ef4d9a8c7c997b6565da2af168056fe0a31b5"
            },
            "type": "wordpress-theme",
            "transport-options": {
                "relative": true
            }
        },
        {
            "name": "roots/wordpress",
            "version": "6.5.3",
            "source": {
                "type": "git",
                "url": "https://github.com/roots/wordpress.git",
                "reference": "41ff6e23ccbc3a1691406d69fe8c211a225514e2"
            },
            "dist": {
                "type": "zip",
                "url": "https://api.github.com/repos/roots/wordpress/zipball/41ff6e23ccbc3a1691406d69fe8c211a225514e2",
                "reference": "41ff6e23ccbc3a1691406d69fe8c211a225514e2",
                "shasum": ""
            },
            "require": {
                "roots/wordpress-core-installer": "^1.0.0",
                "roots/wordpress-no-content": "self.version"
            },
            "type": "metapackage",
            "notification-url": "https://packagist.org/downloads/",
            "license": [
                "MIT",
                "GPL-2.0-or-later"
            ],
            "description": "WordPress is open source software you can use to create a beautiful website, blog, or app.",
            "homepage": "https://wordpress.org/",
            "keywords": [
                "blog",
                "cms",
                "wordpress"
            ],
            "support": {
                "issues": "https://github.com/roots/wordpress/issues",
                "source": "https://github.com/roots/wordpress/tree/6.5.3"
            },
            "funding": [
                {
                    "url": "https://github.com/roots",
                    "type": "github"
                }
            ],
            "time": "2022-06-01T16:54:37+00:00"
        },
        {
            "name": "roots/wordpress-core-installer",
            "version": "1.100.0",
            "source": {
                "type": "git",
                "url": "https://github.com/roots/wordpress-core-installer.git",
                "reference": "73f8488e5178c5d54234b919f823a9095e2b1847"
            },
            "dist": {
                "type": "zip",
                "url": "https://api.github.com/repos/roots/wordpress-core-installer/zipball/73f8488e5178c5d54234b919f823a9095e2b1847",
                "reference": "73f8488e5178c5d54234b919f823a9095e2b1847",
                "shasum": ""
            },
            "require": {
                "composer-plugin-api": "^1.0 || ^2.0",
                "php": ">=5.6.0"
            },
            "conflict": {
                "composer/installers": "<1.0.6"
            },
            "replace": {
                "johnpbloch/wordpress-core-installer": "*"
            },
            "require-dev": {
                "composer/composer": "^1.0 || ^2.0",
                "phpunit/phpunit": ">=5.7.27"
            },
            "type": "composer-plugin",
            "extra": {
                "class": "Roots\\Composer\\WordPressCorePlugin"
            },
            "autoload": {
                "psr-4": {
                    "Roots\\Composer\\": "src/"
                }
            },
            "notification-url": "https://packagist.org/downloads/",
            "license": [
                "GPL-2.0-or-later"
            ],
            "authors": [
                {
                    "name": "John P. Bloch",
                    "email": "me@johnpbloch.com"
                },
                {
                    "name": "Roots",
                    "email": "team@roots.io"
                }
            ],
            "description": "A custom installer to handle deploying WordPress with composer",
            "keywords": [
                "wordpress"
            ],
            "support": {
                "issues": "https://github.com/roots/wordpress-core-installer/issues",
                "source": "https://github.com/roots/wordpress-core-installer/tree/master"
            },
            "funding": [
                {
                    "url": "https://github.com/roots",
                    "type": "github"
                },
                {
                    "url": "https://www.patreon.com/rootsdev",
                    "type": "patreon"
                }
            ],
            "time": "2020-08-20T00:27:30+00:00"
        },
        {
            "name": "roots/wordpress-no-content",
            "version": "6.5.3",
            "source": {
                "type": "git",
                "url": "https://github.com/WordPress/WordPress.git",
                "reference": "6.5.3"
            },
            "dist": {
                "type": "zip",
                "url": "https://downloads.wordpress.org/release/wordpress-6.5.3-no-content.zip",
                "shasum": "adeffdc339d34eab4209e88b17966d8917e36e91"
            },
            "require": {
                "php": ">= 7.0.0"
            },
            "provide": {
                "wordpress/core-implementation": "6.5.3"
            },
            "suggest": {
                "ext-curl": "Performs remote request operations.",
                "ext-dom": "Used to validate Text Widget content and to automatically configuring IIS7+.",
                "ext-exif": "Works with metadata stored in images.",
                "ext-fileinfo": "Used to detect mimetype of file uploads.",
                "ext-hash": "Used for hashing, including passwords and update packages.",
                "ext-imagick": "Provides better image quality for media uploads.",
                "ext-json": "Used for communications with other servers.",
                "ext-libsodium": "Validates Signatures and provides securely random bytes.",
                "ext-mbstring": "Used to properly handle UTF8 text.",
                "ext-mysqli": "Connects to MySQL for database interactions.",
                "ext-openssl": "Permits SSL-based connections to other hosts.",
                "ext-pcre": "Increases performance of pattern matching in code searches.",
                "ext-xml": "Used for XML parsing, such as from a third-party site.",
                "ext-zip": "Used for decompressing Plugins, Themes, and WordPress update packages."
            },
            "type": "wordpress-core",
            "notification-url": "https://packagist.org/downloads/",
            "license": [
                "GPL-2.0-or-later"
            ],
            "authors": [
                {
                    "name": "WordPress Community",
                    "homepage": "https://wordpress.org/about/"
                }
            ],
            "description": "WordPress is open source software you can use to create a beautiful website, blog, or app.",
            "homepage": "https://wordpress.org/",
            "keywords": [
                "blog",
                "cms",
                "wordpress"
            ],
            "support": {
                "docs": "https://developer.wordpress.org/",
                "forum": "https://wordpress.org/support/",
                "irc": "irc://irc.freenode.net/wordpress",
                "issues": "https://core.trac.wordpress.org/",
                "rss": "https://wordpress.org/news/feed/",
                "source": "https://core.trac.wordpress.org/browser",
                "wiki": "https://codex.wordpress.org/"
            },
            "funding": [
                {
                    "url": "https://wordpressfoundation.org/donate/",
                    "type": "other"
                }
            ],
            "time": "2024-05-07T16:02:20+00:00"
        },
        {
            "name": "wpackagist-plugin/redirection",
            "version": "5.4.2",
            "source": {
                "type": "svn",
                "url": "https://plugins.svn.wordpress.org/redirection/",
                "reference": "tags/5.4.2"
            },
            "dist": {
                "type": "zip",
                "url": "https://downloads.wordpress.org/plugin/redirection.5.4.2.zip"
            },
            "require": {
                "composer/installers": "^1.0 || ^2.0"
            },
            "type": "wordpress-plugin",
            "homepage": "https://wordpress.org/plugins/redirection/"
        },
        {
            "name": "wpackagist-plugin/wp-migrate-db",
            "version": "2.6.10",
            "source": {
                "type": "svn",
                "url": "https://plugins.svn.wordpress.org/wp-migrate-db/",
                "reference": "tags/2.6.10"
            },
            "dist": {
                "type": "zip",
                "url": "https://downloads.wordpress.org/plugin/wp-migrate-db.2.6.10.zip"
            },
            "require": {
                "composer/installers": "^1.0 || ^2.0"
            },
            "type": "wordpress-plugin",
            "homepage": "https://wordpress.org/plugins/wp-migrate-db/"
        }
    ],
    "packages-dev": [],
    "aliases": [],
    "minimum-stability": "stable",
    "stability-flags": [],
    "prefer-stable": false,
    "prefer-lowest": false,
    "platform": {
        "php": "~8.2.0",
        "ext-imagick": "*",
        "ext-exif": "*",
        "ext-gd": "*",
        "ext-pdo": "*",
        "ext-bcmath": "*",
        "ext-mbstring": "*",
        "ext-intl": "*",
        "ext-zip": "*"
    },
    "platform-dev": [],
    "plugin-api-version": "2.6.0"
}
